// !$*UTF8*$!
{
	archiveVersion = 1;
	classes = {
	};
	objectVersion = 46;
	objects = {

/* Begin PBXBuildFile section */
		4683A3191A63CB3E00A8D6EB /* AppDelegate.swift in Sources */ = {isa = PBXBuildFile; fileRef = 4683A3181A63CB3E00A8D6EB /* AppDelegate.swift */; };
		4683A31B1A63CB3E00A8D6EB /* ViewController.swift in Sources */ = {isa = PBXBuildFile; fileRef = 4683A31A1A63CB3E00A8D6EB /* ViewController.swift */; };
		4683A31E1A63CB3E00A8D6EB /* Main.storyboard in Resources */ = {isa = PBXBuildFile; fileRef = 4683A31C1A63CB3E00A8D6EB /* Main.storyboard */; };
		4683A3201A63CB3E00A8D6EB /* Images.xcassets in Resources */ = {isa = PBXBuildFile; fileRef = 4683A31F1A63CB3E00A8D6EB /* Images.xcassets */; };
		4683A3231A63CB3E00A8D6EB /* LaunchScreen.xib in Resources */ = {isa = PBXBuildFile; fileRef = 4683A3211A63CB3E00A8D6EB /* LaunchScreen.xib */; };
		4683A32F1A63CB3E00A8D6EB /* MorseTests.swift in Sources */ = {isa = PBXBuildFile; fileRef = 4683A32E1A63CB3E00A8D6EB /* MorseTests.swift */; };
/* End PBXBuildFile section */

/* Begin PBXContainerItemProxy section */
		4683A3291A63CB3E00A8D6EB /* PBXContainerItemProxy */ = {
			isa = PBXContainerItemProxy;
			containerPortal = 4683A30B1A63CB3E00A8D6EB /* Project object */;
			proxyType = 1;
			remoteGlobalIDString = 4683A3121A63CB3E00A8D6EB;
			remoteInfo = Morse;
		};
/* End PBXContainerItemProxy section */

/* Begin PBXFileReference section */
		4683A3131A63CB3E00A8D6EB /* Morse.app */ = {isa = PBXFileReference; explicitFileType = wrapper.application; includeInIndex = 0; path = Morse.app; sourceTree = BUILT_PRODUCTS_DIR; };
		4683A3171A63CB3E00A8D6EB /* Info.plist */ = {isa = PBXFileReference; lastKnownFileType = text.plist.xml; path = Info.plist; sourceTree = "<group>"; };
		4683A3181A63CB3E00A8D6EB /* AppDelegate.swift */ = {isa = PBXFileReference; lastKnownFileType = sourcecode.swift; path = AppDelegate.swift; sourceTree = "<group>"; };
		4683A31A1A63CB3E00A8D6EB /* ViewController.swift */ = {isa = PBXFileReference; lastKnownFileType = sourcecode.swift; path = ViewController.swift; sourceTree = "<group>"; };
		4683A31D1A63CB3E00A8D6EB /* Base */ = {isa = PBXFileReference; lastKnownFileType = file.storyboard; name = Base; path = Base.lproj/Main.storyboard; sourceTree = "<group>"; };
		4683A31F1A63CB3E00A8D6EB /* Images.xcassets */ = {isa = PBXFileReference; lastKnownFileType = folder.assetcatalog; path = Images.xcassets; sourceTree = "<group>"; };
		4683A3221A63CB3E00A8D6EB /* Base */ = {isa = PBXFileReference; lastKnownFileType = file.xib; name = Base; path = Base.lproj/LaunchScreen.xib; sourceTree = "<group>"; };
		4683A3281A63CB3E00A8D6EB /* MorseTests.xctest */ = {isa = PBXFileReference; explicitFileType = wrapper.cfbundle; includeInIndex = 0; path = MorseTests.xctest; sourceTree = BUILT_PRODUCTS_DIR; };
		4683A32D1A63CB3E00A8D6EB /* Info.plist */ = {isa = PBXFileReference; lastKnownFileType = text.plist.xml; path = Info.plist; sourceTree = "<group>"; };
		4683A32E1A63CB3E00A8D6EB /* MorseTests.swift */ = {isa = PBXFileReference; lastKnownFileType = sourcecode.swift; path = MorseTests.swift; sourceTree = "<group>"; };
/* End PBXFileReference section */

/* Begin PBXFrameworksBuildPhase section */
		4683A3101A63CB3E00A8D6EB /* Frameworks */ = {
			isa = PBXFrameworksBuildPhase;
			buildActionMask = 2147483647;
			files = (
			);
			runOnlyForDeploymentPostprocessing = 0;
		};
		4683A3251A63CB3E00A8D6EB /* Frameworks */ = {
			isa = PBXFrameworksBuildPhase;
			buildActionMask = 2147483647;
			files = (
			);
			runOnlyForDeploymentPostprocessing = 0;
		};
/* End PBXFrameworksBuildPhase section */

/* Begin PBXGroup section */
		4683A30A1A63CB3E00A8D6EB = {
			isa = PBXGroup;
			children = (
				4683A3151A63CB3E00A8D6EB /* Morse */,
				4683A32B1A63CB3E00A8D6EB /* MorseTests */,
				4683A3141A63CB3E00A8D6EB /* Products */,
			);
			sourceTree = "<group>";
		};
		4683A3141A63CB3E00A8D6EB /* Products */ = {
			isa = PBXGroup;
			children = (
				4683A3131A63CB3E00A8D6EB /* Morse.app */,
				4683A3281A63CB3E00A8D6EB /* MorseTests.xctest */,
			);
			name = Products;
			sourceTree = "<group>";
		};
		4683A3151A63CB3E00A8D6EB /* Morse */ = {
			isa = PBXGroup;
			children = (
				4683A3181A63CB3E00A8D6EB /* AppDelegate.swift */,
				4683A31A1A63CB3E00A8D6EB /* ViewController.swift */,
				4683A31C1A63CB3E00A8D6EB /* Main.storyboard */,
				4683A31F1A63CB3E00A8D6EB /* Images.xcassets */,
				4683A3211A63CB3E00A8D6EB /* LaunchScreen.xib */,
				4683A3161A63CB3E00A8D6EB /* Supporting Files */,
			);
			path = Morse;
			sourceTree = "<group>";
		};
		4683A3161A63CB3E00A8D6EB /* Supporting Files */ = {
			isa = PBXGroup;
			children = (
				4683A3171A63CB3E00A8D6EB /* Info.plist */,
			);
			name = "Supporting Files";
			sourceTree = "<group>";
		};
		4683A32B1A63CB3E00A8D6EB /* MorseTests */ = {
			isa = PBXGroup;
			children = (
				4683A32E1A63CB3E00A8D6EB /* MorseTests.swift */,
				4683A32C1A63CB3E00A8D6EB /* Supporting Files */,
			);
			path = MorseTests;
			sourceTree = "<group>";
		};
		4683A32C1A63CB3E00A8D6EB /* Supporting Files */ = {
			isa = PBXGroup;
			children = (
				4683A32D1A63CB3E00A8D6EB /* Info.plist */,
			);
			name = "Supporting Files";
			sourceTree = "<group>";
		};
/* End PBXGroup section */

/* Begin PBXNativeTarget section */
		4683A3121A63CB3E00A8D6EB /* Morse */ = {
			isa = PBXNativeTarget;
			buildConfigurationList = 4683A3321A63CB3E00A8D6EB /* Build configuration list for PBXNativeTarget "Morse" */;
			buildPhases = (
				4683A30F1A63CB3E00A8D6EB /* Sources */,
				4683A3101A63CB3E00A8D6EB /* Frameworks */,
				4683A3111A63CB3E00A8D6EB /* Resources */,
			);
			buildRules = (
			);
			dependencies = (
			);
			name = Morse;
			productName = Morse;
			productReference = 4683A3131A63CB3E00A8D6EB /* Morse.app */;
			productType = "com.apple.product-type.application";
		};
		4683A3271A63CB3E00A8D6EB /* MorseTests */ = {
			isa = PBXNativeTarget;
			buildConfigurationList = 4683A3351A63CB3E00A8D6EB /* Build configuration list for PBXNativeTarget "MorseTests" */;
			buildPhases = (
				4683A3241A63CB3E00A8D6EB /* Sources */,
				4683A3251A63CB3E00A8D6EB /* Frameworks */,
				4683A3261A63CB3E00A8D6EB /* Resources */,
			);
			buildRules = (
			);
			dependencies = (
				4683A32A1A63CB3E00A8D6EB /* PBXTargetDependency */,
			);
			name = MorseTests;
			productName = MorseTests;
			productReference = 4683A3281A63CB3E00A8D6EB /* MorseTests.xctest */;
			productType = "com.apple.product-type.bundle.unit-test";
		};
/* End PBXNativeTarget section */

/* Begin PBXProject section */
		4683A30B1A63CB3E00A8D6EB /* Project object */ = {
			isa = PBXProject;
			attributes = {
				LastUpgradeCheck = 0610;
				ORGANIZATIONNAME = "Andrew Breckenridge";
				TargetAttributes = {
					4683A3121A63CB3E00A8D6EB = {
						CreatedOnToolsVersion = 6.1.1;
					};
					4683A3271A63CB3E00A8D6EB = {
						CreatedOnToolsVersion = 6.1.1;
						TestTargetID = 4683A3121A63CB3E00A8D6EB;
					};
				};
			};
			buildConfigurationList = 4683A30E1A63CB3E00A8D6EB /* Build configuration list for PBXProject "Morse" */;
			compatibilityVersion = "Xcode 3.2";
			developmentRegion = English;
			hasScannedForEncodings = 0;
			knownRegions = (
				en,
				Base,
			);
			mainGroup = 4683A30A1A63CB3E00A8D6EB;
			productRefGroup = 4683A3141A63CB3E00A8D6EB /* Products */;
			projectDirPath = "";
			projectRoot = "";
			targets = (
				4683A3121A63CB3E00A8D6EB /* Morse */,
				4683A3271A63CB3E00A8D6EB /* MorseTests */,
			);
		};
/* End PBXProject section */

/* Begin PBXResourcesBuildPhase section */
		4683A3111A63CB3E00A8D6EB /* Resources */ = {
			isa = PBXResourcesBuildPhase;
			buildActionMask = 2147483647;
			files = (
				4683A31E1A63CB3E00A8D6EB /* Main.storyboard in Resources */,
				4683A3231A63CB3E00A8D6EB /* LaunchScreen.xib in Resources */,
				4683A3201A63CB3E00A8D6EB /* Images.xcassets in Resources */,
			);
			runOnlyForDeploymentPostprocessing = 0;
		};
		4683A3261A63CB3E00A8D6EB /* Resources */ = {
			isa = PBXResourcesBuildPhase;
			buildActionMask = 2147483647;
			files = (
			);
			runOnlyForDeploymentPostprocessing = 0;
		};
/* End PBXResourcesBuildPhase section */

/* Begin PBXSourcesBuildPhase section */
		4683A30F1A63CB3E00A8D6EB /* Sources */ = {
			isa = PBXSourcesBuildPhase;
			buildActionMask = 2147483647;
			files = (
				4683A31B1A63CB3E00A8D6EB /* ViewController.swift in Sources */,
				4683A3191A63CB3E00A8D6EB /* AppDelegate.swift in Sources */,
			);
			runOnlyForDeploymentPostprocessing = 0;
		};
		4683A3241A63CB3E00A8D6EB /* Sources */ = {
			isa = PBXSourcesBuildPhase;
			buildActionMask = 2147483647;
			files = (
				4683A32F1A63CB3E00A8D6EB /* MorseTests.swift in Sources */,
			);
			runOnlyForDeploymentPostprocessing = 0;
		};
/* End PBXSourcesBuildPhase section */

/* Begin PBXTargetDependency section */
		4683A32A1A63CB3E00A8D6EB /* PBXTargetDependency */ = {
			isa = PBXTargetDependency;
			target = 4683A3121A63CB3E00A8D6EB /* Morse */;
			targetProxy = 4683A3291A63CB3E00A8D6EB /* PBXContainerItemProxy */;
		};
/* End PBXTargetDependency section */

/* Begin PBXVariantGroup section */
		4683A31C1A63CB3E00A8D6EB /* Main.storyboard */ = {
			isa = PBXVariantGroup;
			children = (
				4683A31D1A63CB3E00A8D6EB /* Base */,
			);
			name = Main.storyboard;
			sourceTree = "<group>";
		};
		4683A3211A63CB3E00A8D6EB /* LaunchScreen.xib */ = {
			isa = PBXVariantGroup;
			children = (
				4683A3221A63CB3E00A8D6EB /* Base */,
			);
			name = LaunchScreen.xib;
			sourceTree = "<group>";
		};
/* End PBXVariantGroup section */

/* Begin XCBuildConfiguration section */
		4683A3301A63CB3E00A8D6EB /* Debug */ = {
			isa = XCBuildConfiguration;
			buildSettings = {
				ALWAYS_SEARCH_USER_PATHS = NO;
				CLANG_CXX_LANGUAGE_STANDARD = "gnu++0x";
				CLANG_CXX_LIBRARY = "libc++";
				CLANG_ENABLE_MODULES = YES;
				CLANG_ENABLE_OBJC_ARC = YES;
				CLANG_WARN_BOOL_CONVERSION = YES;
				CLANG_WARN_CONSTANT_CONVERSION = YES;
				CLANG_WARN_DIRECT_OBJC_ISA_USAGE = YES_ERROR;
				CLANG_WARN_EMPTY_BODY = YES;
				CLANG_WARN_ENUM_CONVERSION = YES;
				CLANG_WARN_INT_CONVERSION = YES;
				CLANG_WARN_OBJC_ROOT_CLASS = YES_ERROR;
				CLANG_WARN_UNREACHABLE_CODE = YES;
				CLANG_WARN__DUPLICATE_METHOD_MATCH = YES;
				"CODE_SIGN_IDENTITY[sdk=iphoneos*]" = "iPhone Developer";
				COPY_PHASE_STRIP = NO;
				ENABLE_STRICT_OBJC_MSGSEND = YES;
				GCC_C_LANGUAGE_STANDARD = gnu99;
				GCC_DYNAMIC_NO_PIC = NO;
				GCC_OPTIMIZATION_LEVEL = 0;
				GCC_PREPROCESSOR_DEFINITIONS = (
					"DEBUG=1",
					"$(inherited)",
				);
				GCC_SYMBOLS_PRIVATE_EXTERN = NO;
				GCC_WARN_64_TO_32_BIT_CONVERSION = YES;
				GCC_WARN_ABOUT_RETURN_TYPE = YES_ERROR;
				GCC_WARN_UNDECLARED_SELECTOR = YES;
				GCC_WARN_UNINITIALIZED_AUTOS = YES_AGGRESSIVE;
				GCC_WARN_UNUSED_FUNCTION = YES;
				GCC_WARN_UNUSED_VARIABLE = YES;
				IPHONEOS_DEPLOYMENT_TARGET = 8.1;
				MTL_ENABLE_DEBUG_INFO = YES;
				ONLY_ACTIVE_ARCH = YES;
				SDKROOT = iphoneos;
				SWIFT_OPTIMIZATION_LEVEL = "-Onone";
			};
			name = Debug;
		};
		4683A3311A63CB3E00A8D6EB /* Release */ = {
			isa = XCBuildConfiguration;
			buildSettings = {
				ALWAYS_SEARCH_USER_PATHS = NO;
				CLANG_CXX_LANGUAGE_STANDARD = "gnu++0x";
				CLANG_CXX_LIBRARY = "libc++";
				CLANG_ENABLE_MODULES = YES;
				CLANG_ENABLE_OBJC_ARC = YES;
				CLANG_WARN_BOOL_CONVERSION = YES;
				CLANG_WARN_CONSTANT_CONVERSION = YES;
				CLANG_WARN_DIRECT_OBJC_ISA_USAGE = YES_ERROR;
				CLANG_WARN_EMPTY_BODY = YES;
				CLANG_WARN_ENUM_CONVERSION = YES;
				CLANG_WARN_INT_CONVERSION = YES;
				CLANG_WARN_OBJC_ROOT_CLASS = YES_ERROR;
				CLANG_WARN_UNREACHABLE_CODE = YES;
				CLANG_WARN__DUPLICATE_METHOD_MATCH = YES;
				"CODE_SIGN_IDENTITY[sdk=iphoneos*]" = "iPhone Developer";
				COPY_PHASE_STRIP = YES;
				ENABLE_NS_ASSERTIONS = NO;
				ENABLE_STRICT_OBJC_MSGSEND = YES;
				GCC_C_LANGUAGE_STANDARD = gnu99;
				GCC_WARN_64_TO_32_BIT_CONVERSION = YES;
				GCC_WARN_ABOUT_RETURN_TYPE = YES_ERROR;
				GCC_WARN_UNDECLARED_SELECTOR = YES;
				GCC_WARN_UNINITIALIZED_AUTOS = YES_AGGRESSIVE;
				GCC_WARN_UNUSED_FUNCTION = YES;
				GCC_WARN_UNUSED_VARIABLE = YES;
				IPHONEOS_DEPLOYMENT_TARGET = 8.1;
				MTL_ENABLE_DEBUG_INFO = NO;
				SDKROOT = iphoneos;
				VALIDATE_PRODUCT = YES;
			};
			name = Release;
		};
		4683A3331A63CB3E00A8D6EB /* Debug */ = {
			isa = XCBuildConfiguration;
			buildSettings = {
				ASSETCATALOG_COMPILER_APPICON_NAME = AppIcon;
				INFOPLIST_FILE = Morse/Info.plist;
				LD_RUNPATH_SEARCH_PATHS = "$(inherited) @executable_path/Frameworks";
				PRODUCT_NAME = "$(TARGET_NAME)";
			};
			name = Debug;
		};
		4683A3341A63CB3E00A8D6EB /* Release */ = {
			isa = XCBuildConfiguration;
			buildSettings = {
				ASSETCATALOG_COMPILER_APPICON_NAME = AppIcon;
				INFOPLIST_FILE = Morse/Info.plist;
				LD_RUNPATH_SEARCH_PATHS = "$(inherited) @executable_path/Frameworks";
				PRODUCT_NAME = "$(TARGET_NAME)";
			};
			name = Release;
		};
		4683A3361A63CB3E00A8D6EB /* Debug */ = {
			isa = XCBuildConfiguration;
			buildSettings = {
				BUNDLE_LOADER = "$(TEST_HOST)";
				FRAMEWORK_SEARCH_PATHS = (
					"$(SDKROOT)/Developer/Library/Frameworks",
					"$(inherited)",
				);
				GCC_PREPROCESSOR_DEFINITIONS = (
					"DEBUG=1",
					"$(inherited)",
				);
				INFOPLIST_FILE = MorseTests/Info.plist;
				LD_RUNPATH_SEARCH_PATHS = "$(inherited) @executable_path/Frameworks @loader_path/Frameworks";
				PRODUCT_NAME = "$(TARGET_NAME)";
				TEST_HOST = "$(BUILT_PRODUCTS_DIR)/Morse.app/Morse";
			};
			name = Debug;
		};
		4683A3371A63CB3E00A8D6EB /* Release */ = {
			isa = XCBuildConfiguration;
			buildSettings = {
				BUNDLE_LOADER = "$(TEST_HOST)";
				FRAMEWORK_SEARCH_PATHS = (
					"$(SDKROOT)/Developer/Library/Frameworks",
					"$(inherited)",
				);
				INFOPLIST_FILE = MorseTests/Info.plist;
				LD_RUNPATH_SEARCH_PATHS = "$(inherited) @executable_path/Frameworks @loader_path/Frameworks";
				PRODUCT_NAME = "$(TARGET_NAME)";
				TEST_HOST = "$(BUILT_PRODUCTS_DIR)/Morse.app/Morse";
			};
			name = Release;
		};
/* End XCBuildConfiguration section */

/* Begin XCConfigurationList section */
		4683A30E1A63CB3E00A8D6EB /* Build configuration list for PBXProject "Morse" */ = {
			isa = XCConfigurationList;
			buildConfigurations = (
				4683A3301A63CB3E00A8D6EB /* Debug */,
				4683A3311A63CB3E00A8D6EB /* Release */,
			);
			defaultConfigurationIsVisible = 0;
			defaultConfigurationName = Release;
		};
		4683A3321A63CB3E00A8D6EB /* Build configuration list for PBXNativeTarget "Morse" */ = {
			isa = XCConfigurationList;
			buildConfigurations = (
				4683A3331A63CB3E00A8D6EB /* Debug */,
				4683A3341A63CB3E00A8D6EB /* Release */,
			);
			defaultConfigurationIsVisible = 0;
		};
		4683A3351A63CB3E00A8D6EB /* Build configuration list for PBXNativeTarget "MorseTests" */ = {
			isa = XCConfigurationList;
			buildConfigurations = (
				4683A3361A63CB3E00A8D6EB /* Debug */,
				4683A3371A63CB3E00A8D6EB /* Release */,
			);
			defaultConfigurationIsVisible = 0;
		};
/* End XCConfigurationList section */
	};
	rootObject = 4683A30B1A63CB3E00A8D6EB /* Project object */;
}
